{
  "pins" : [
    {
      "identity" : "mqttcocoaasyncsocket",
      "kind" : "remoteSourceControl",
      "location" : "https://github.com/leeway1208/MqttCocoaAsyncSocket",
      "state" : {
        "revision" : "ce3e18607fd01079495f86ff6195d8a3ca469f73",
        "version" : "1.0.8"
      }
    },
    {
      "identity" : "shared.ios.starscream",
      "kind" : "remoteSourceControl",
      "location" : "https://github.com/ubiquiti/shared.ios.Starscream",
      "state" : {
        "revision" : "250579a0cea7a1bae04bd34cc21d7669020622fd"
      }
    }
  ],
  "version" : 2
}
